
Microsoft Visual Studio Solution File, Format Version 12.00
# Visual Studio 2015
Project("{FAE04EC0-301F-11D3-BF4B-00C04F79EFBC}") = "PuzzleX.CSharp", "PuzzleX.CSharp.csproj", "{EBC6CA18-D828-887F-CA3B-266CF231F1C3}"
EndProject
Global
	GlobalSection(SolutionConfigurationPlatforms) = preSolution
		Debug|Any CPU = Debug|Any CPU
		Release|Any CPU = Release|Any CPU
	EndGlobalSection
	GlobalSection(ProjectConfigurationPlatforms) = postSolution
		{EBC6CA18-D828-887F-CA3B-266CF231F1C3}.Debug|Any CPU.ActiveCfg = Debug|Any CPU
		{EBC6CA18-D828-887F-CA3B-266CF231F1C3}.Debug|Any CPU.Build.0 = Debug|Any CPU
		{EBC6CA18-D828-887F-CA3B-266CF231F1C3}.Release|Any CPU.ActiveCfg = Release|Any CPU
		{EBC6CA18-D828-887F-CA3B-266CF231F1C3}.Release|Any CPU.Build.0 = Release|Any CPU
	EndGlobalSection
	GlobalSection(SolutionProperties) = preSolution
		HideSolutionNode = FALSE
	EndGlobalSection
EndGlobal
